
Microsoft Visual Studio Solution File, Format Version 12.00
# Visual Studio Version 17
VisualStudioVersion = 17.7.34031.279
MinimumVisualStudioVersion = 10.0.40219.1
Project("{FAE04EC0-301F-11D3-BF4B-00C04F79EFBC}") = "P_2", "P_2\P_2.csproj", "{2E7AD7A2-8C69-4189-86AC-0ACBEBC4DEF3}"
EndProject
Global
	GlobalSection(SolutionConfigurationPlatforms) = preSolution
		Debug|Any CPU = Debug|Any CPU
		Release|Any CPU = Release|Any CPU
	EndGlobalSection
	GlobalSection(ProjectConfigurationPlatforms) = postSolution
		{2E7AD7A2-8C69-4189-86AC-0ACBEBC4DEF3}.Debug|Any CPU.ActiveCfg = Debug|Any CPU
		{2E7AD7A2-8C69-4189-86AC-0ACBEBC4DEF3}.Debug|Any CPU.Build.0 = Debug|Any CPU
		{2E7AD7A2-8C69-4189-86AC-0ACBEBC4DEF3}.Release|Any CPU.ActiveCfg = Release|Any CPU
		{2E7AD7A2-8C69-4189-86AC-0ACBEBC4DEF3}.Release|Any CPU.Build.0 = Release|Any CPU
	EndGlobalSection
	GlobalSection(SolutionProperties) = preSolution
		HideSolutionNode = FALSE
	EndGlobalSection
	GlobalSection(ExtensibilityGlobals) = postSolution
		SolutionGuid = {C31CCC7E-0467-403A-8660-C05F77262477}
	EndGlobalSection
EndGlobal
