
Microsoft Visual Studio Solution File, Format Version 12.00
# Visual Studio Version 17
VisualStudioVersion = 17.7.34031.279
MinimumVisualStudioVersion = 10.0.40219.1
Project("{FAE04EC0-301F-11D3-BF4B-00C04F79EFBC}") = "P_10", "P_10\P_10.csproj", "{035F28B4-393F-4935-9A07-06189511C1F7}"
EndProject
Global
	GlobalSection(SolutionConfigurationPlatforms) = preSolution
		Debug|Any CPU = Debug|Any CPU
		Release|Any CPU = Release|Any CPU
	EndGlobalSection
	GlobalSection(ProjectConfigurationPlatforms) = postSolution
		{035F28B4-393F-4935-9A07-06189511C1F7}.Debug|Any CPU.ActiveCfg = Debug|Any CPU
		{035F28B4-393F-4935-9A07-06189511C1F7}.Debug|Any CPU.Build.0 = Debug|Any CPU
		{035F28B4-393F-4935-9A07-06189511C1F7}.Release|Any CPU.ActiveCfg = Release|Any CPU
		{035F28B4-393F-4935-9A07-06189511C1F7}.Release|Any CPU.Build.0 = Release|Any CPU
	EndGlobalSection
	GlobalSection(SolutionProperties) = preSolution
		HideSolutionNode = FALSE
	EndGlobalSection
	GlobalSection(ExtensibilityGlobals) = postSolution
		SolutionGuid = {CB13B31F-C79B-4B11-8789-7A53DB2D02FB}
	EndGlobalSection
EndGlobal
